
Microsoft Visual Studio Solution File, Format Version 12.00
# Visual Studio Version 16
VisualStudioVersion = 16.0.30503.244
MinimumVisualStudioVersion = 10.0.40219.1
Project("{FAE04EC0-301F-11D3-BF4B-00C04F79EFBC}") = "Lab1_Calc", "Lab1_Calc\Lab1_Calc.csproj", "{6C702245-BAE4-4584-9F63-4D62316AA382}"
EndProject
Global
	GlobalSection(SolutionConfigurationPlatforms) = preSolution
		Debug|Any CPU = Debug|Any CPU
		Release|Any CPU = Release|Any CPU
	EndGlobalSection
	GlobalSection(ProjectConfigurationPlatforms) = postSolution
		{6C702245-BAE4-4584-9F63-4D62316AA382}.Debug|Any CPU.ActiveCfg = Debug|Any CPU
		{6C702245-BAE4-4584-9F63-4D62316AA382}.Debug|Any CPU.Build.0 = Debug|Any CPU
		{6C702245-BAE4-4584-9F63-4D62316AA382}.Release|Any CPU.ActiveCfg = Release|Any CPU
		{6C702245-BAE4-4584-9F63-4D62316AA382}.Release|Any CPU.Build.0 = Release|Any CPU
	EndGlobalSection
	GlobalSection(SolutionProperties) = preSolution
		HideSolutionNode = FALSE
	EndGlobalSection
	GlobalSection(ExtensibilityGlobals) = postSolution
		SolutionGuid = {685D79DF-6B71-4147-876E-3C3B2FDAA18D}
	EndGlobalSection
EndGlobal
